// !$*UTF8*$!
{
	archiveVersion = 1;
	classes = {
	};
	objectVersion = 46;
	objects = {

/* Begin PBXBuildFile section */
		49029A6016E00272002485AE /* Team.m in Sources */ = {isa = PBXBuildFile; fileRef = 49029A5F16E00272002485AE /* Team.m */; };
		490D15BC169B9C42002B9622 /* VC_Settings.m in Sources */ = {isa = PBXBuildFile; fileRef = 490D15BB169B9C42002B9622 /* VC_Settings.m */; };
		4942CE5516E1DA9B00CDE926 /* TVC_Settings.m in Sources */ = {isa = PBXBuildFile; fileRef = 4942CE5416E1DA9B00CDE926 /* TVC_Settings.m */; };
		49486604169972E1009EAB60 /* Game.m in Sources */ = {isa = PBXBuildFile; fileRef = 49486601169972E1009EAB60 /* Game.m */; };
		49486605169972E1009EAB60 /* VC_Schedule.m in Sources */ = {isa = PBXBuildFile; fileRef = 49486603169972E1009EAB60 /* VC_Schedule.m */; };
		49619D5F169BC0E900D39E88 /* gear.png in Resources */ = {isa = PBXBuildFile; fileRef = 49619D5C169BC0E900D39E88 /* gear.png */; };
		49619D60169BC0E900D39E88 /* gear@2x.png in Resources */ = {isa = PBXBuildFile; fileRef = 49619D5D169BC0E900D39E88 /* gear@2x.png */; };
		49619D61169BC0E900D39E88 /* gear@64.png in Resources */ = {isa = PBXBuildFile; fileRef = 49619D5E169BC0E900D39E88 /* gear@64.png */; };
		49619D6C169BC61900D39E88 /* reload.png in Resources */ = {isa = PBXBuildFile; fileRef = 49619D69169BC61900D39E88 /* reload.png */; };
		49619D6D169BC61900D39E88 /* reload@2x.png in Resources */ = {isa = PBXBuildFile; fileRef = 49619D6A169BC61900D39E88 /* reload@2x.png */; };
		49619D6E169BC61900D39E88 /* reload@64.png in Resources */ = {isa = PBXBuildFile; fileRef = 49619D6B169BC61900D39E88 /* reload@64.png */; };
		4972042A16F00BBC000577ED /* Default.png in Resources */ = {isa = PBXBuildFile; fileRef = 4972041F16F00BBC000577ED /* Default.png */; };
		4972042B16F00BBC000577ED /* Default@2x.png in Resources */ = {isa = PBXBuildFile; fileRef = 4972042016F00BBC000577ED /* Default@2x.png */; };
		4972042C16F00BBC000577ED /* Icon-72.png in Resources */ = {isa = PBXBuildFile; fileRef = 4972042116F00BBC000577ED /* Icon-72.png */; };
		4972042D16F00BBC000577ED /* Icon-72@2x.png in Resources */ = {isa = PBXBuildFile; fileRef = 4972042216F00BBC000577ED /* Icon-72@2x.png */; };
		4972042E16F00BBC000577ED /* Icon.png in Resources */ = {isa = PBXBuildFile; fileRef = 4972042316F00BBC000577ED /* Icon.png */; };
		4972042F16F00BBC000577ED /* Icon@2x.png in Resources */ = {isa = PBXBuildFile; fileRef = 4972042416F00BBC000577ED /* Icon@2x.png */; };
		4972043716F00F75000577ED /* calendar.png in Resources */ = {isa = PBXBuildFile; fileRef = 4972043416F00E6C000577ED /* calendar.png */; };
		4972043816F00F77000577ED /* calendar@2x.png in Resources */ = {isa = PBXBuildFile; fileRef = 4972043516F00E6C000577ED /* calendar@2x.png */; };
		4972043916F00F7A000577ED /* calendar@64.png in Resources */ = {isa = PBXBuildFile; fileRef = 4972043616F00E6C000577ED /* calendar@64.png */; };
		4972043D16F00FB2000577ED /* app_globe.png in Resources */ = {isa = PBXBuildFile; fileRef = 4972043A16F00FB1000577ED /* app_globe.png */; };
		4972043E16F00FB2000577ED /* app_globe@2x.png in Resources */ = {isa = PBXBuildFile; fileRef = 4972043B16F00FB1000577ED /* app_globe@2x.png */; };
		4972043F16F00FB2000577ED /* app_globe@64.png in Resources */ = {isa = PBXBuildFile; fileRef = 4972043C16F00FB2000577ED /* app_globe@64.png */; };
		4972044316F01005000577ED /* arrow_up.png in Resources */ = {isa = PBXBuildFile; fileRef = 4972044016F01005000577ED /* arrow_up.png */; };
		4972044416F01005000577ED /* arrow_up@2x.png in Resources */ = {isa = PBXBuildFile; fileRef = 4972044116F01005000577ED /* arrow_up@2x.png */; };
		4972044516F01005000577ED /* arrow_up@64.png in Resources */ = {isa = PBXBuildFile; fileRef = 4972044216F01005000577ED /* arrow_up@64.png */; };
		4988913116994FE200403EB5 /* VC_Upcoming.m in Sources */ = {isa = PBXBuildFile; fileRef = 4988913016994FE200403EB5 /* VC_Upcoming.m */; };
		498E180516E2798600B7170A /* TVC_TeamSelector.m in Sources */ = {isa = PBXBuildFile; fileRef = 498E180416E2798600B7170A /* TVC_TeamSelector.m */; };
		49A744A0169D1B8C00FC0BF9 /* VC_ScheduleGames.m in Sources */ = {isa = PBXBuildFile; fileRef = 49A7449F169D1B8C00FC0BF9 /* VC_ScheduleGames.m */; };
		49A744A4169D238000FC0BF9 /* MemoryManager.m in Sources */ = {isa = PBXBuildFile; fileRef = 49A744A3169D238000FC0BF9 /* MemoryManager.m */; };
		49EC769616990E25006D37FE /* UIKit.framework in Frameworks */ = {isa = PBXBuildFile; fileRef = 49EC769516990E25006D37FE /* UIKit.framework */; };
		49EC769816990E25006D37FE /* Foundation.framework in Frameworks */ = {isa = PBXBuildFile; fileRef = 49EC769716990E25006D37FE /* Foundation.framework */; };
		49EC769A16990E25006D37FE /* CoreGraphics.framework in Frameworks */ = {isa = PBXBuildFile; fileRef = 49EC769916990E25006D37FE /* CoreGraphics.framework */; };
		49EC76A016990E25006D37FE /* InfoPlist.strings in Resources */ = {isa = PBXBuildFile; fileRef = 49EC769E16990E25006D37FE /* InfoPlist.strings */; };
		49EC76A216990E25006D37FE /* main.m in Sources */ = {isa = PBXBuildFile; fileRef = 49EC76A116990E25006D37FE /* main.m */; };
		49EC76A616990E25006D37FE /* AppDelegate.m in Sources */ = {isa = PBXBuildFile; fileRef = 49EC76A516990E25006D37FE /* AppDelegate.m */; };
		49EC76AF16990E25006D37FE /* Views.storyboard in Resources */ = {isa = PBXBuildFile; fileRef = 49EC76AD16990E25006D37FE /* Views.storyboard */; };
		49EC76C5169910C4006D37FE /* VC_WebView.m in Sources */ = {isa = PBXBuildFile; fileRef = 49EC76C4169910C4006D37FE /* VC_WebView.m */; };
		49EE7C6516E310CA000E63C7 /* TVC_ScheduleTeamSelector.m in Sources */ = {isa = PBXBuildFile; fileRef = 49EE7C6416E310CA000E63C7 /* TVC_ScheduleTeamSelector.m */; };
		49EE7C6816E31B76000E63C7 /* TVC_ScheduleYourTeamSelector.m in Sources */ = {isa = PBXBuildFile; fileRef = 49EE7C6716E31B76000E63C7 /* TVC_ScheduleYourTeamSelector.m */; };
/* End PBXBuildFile section */

/* Begin PBXFileReference section */
		49029A5E16E00272002485AE /* Team.h */ = {isa = PBXFileReference; fileEncoding = 4; lastKnownFileType = sourcecode.c.h; path = Team.h; sourceTree = "<group>"; };
		49029A5F16E00272002485AE /* Team.m */ = {isa = PBXFileReference; fileEncoding = 4; lastKnownFileType = sourcecode.c.objc; path = Team.m; sourceTree = "<group>"; };
		490D15BA169B9C42002B9622 /* VC_Settings.h */ = {isa = PBXFileReference; fileEncoding = 4; lastKnownFileType = sourcecode.c.h; path = VC_Settings.h; sourceTree = "<group>"; };
		490D15BB169B9C42002B9622 /* VC_Settings.m */ = {isa = PBXFileReference; fileEncoding = 4; lastKnownFileType = sourcecode.c.objc; path = VC_Settings.m; sourceTree = "<group>"; };
		4942CE5416E1DA9B00CDE926 /* TVC_Settings.m */ = {isa = PBXFileReference; fileEncoding = 4; lastKnownFileType = sourcecode.c.objc; path = TVC_Settings.m; sourceTree = "<group>"; };
		49486600169972E1009EAB60 /* Game.h */ = {isa = PBXFileReference; fileEncoding = 4; lastKnownFileType = sourcecode.c.h; path = Game.h; sourceTree = "<group>"; };
		49486601169972E1009EAB60 /* Game.m */ = {isa = PBXFileReference; fileEncoding = 4; lastKnownFileType = sourcecode.c.objc; path = Game.m; sourceTree = "<group>"; };
		49486603169972E1009EAB60 /* VC_Schedule.m */ = {isa = PBXFileReference; fileEncoding = 4; lastKnownFileType = sourcecode.c.objc; path = VC_Schedule.m; sourceTree = "<group>"; };
		49619D5C169BC0E900D39E88 /* gear.png */ = {isa = PBXFileReference; lastKnownFileType = image.png; path = gear.png; sourceTree = "<group>"; };
		49619D5D169BC0E900D39E88 /* gear@2x.png */ = {isa = PBXFileReference; lastKnownFileType = image.png; path = "gear@2x.png"; sourceTree = "<group>"; };
		49619D5E169BC0E900D39E88 /* gear@64.png */ = {isa = PBXFileReference; lastKnownFileType = image.png; path = "gear@64.png"; sourceTree = "<group>"; };
		49619D69169BC61900D39E88 /* reload.png */ = {isa = PBXFileReference; lastKnownFileType = image.png; path = reload.png; sourceTree = "<group>"; };
		49619D6A169BC61900D39E88 /* reload@2x.png */ = {isa = PBXFileReference; lastKnownFileType = image.png; path = "reload@2x.png"; sourceTree = "<group>"; };
		49619D6B169BC61900D39E88 /* reload@64.png */ = {isa = PBXFileReference; lastKnownFileType = image.png; path = "reload@64.png"; sourceTree = "<group>"; };
		4972041F16F00BBC000577ED /* Default.png */ = {isa = PBXFileReference; lastKnownFileType = image.png; path = Default.png; sourceTree = "<group>"; };
		4972042016F00BBC000577ED /* Default@2x.png */ = {isa = PBXFileReference; lastKnownFileType = image.png; path = "Default@2x.png"; sourceTree = "<group>"; };
		4972042116F00BBC000577ED /* Icon-72.png */ = {isa = PBXFileReference; lastKnownFileType = image.png; path = "Icon-72.png"; sourceTree = "<group>"; };
		4972042216F00BBC000577ED /* Icon-72@2x.png */ = {isa = PBXFileReference; lastKnownFileType = image.png; path = "Icon-72@2x.png"; sourceTree = "<group>"; };
		4972042316F00BBC000577ED /* Icon.png */ = {isa = PBXFileReference; lastKnownFileType = image.png; path = Icon.png; sourceTree = "<group>"; };
		4972042416F00BBC000577ED /* Icon@2x.png */ = {isa = PBXFileReference; lastKnownFileType = image.png; path = "Icon@2x.png"; sourceTree = "<group>"; };
		4972043416F00E6C000577ED /* calendar.png */ = {isa = PBXFileReference; lastKnownFileType = image.png; path = calendar.png; sourceTree = "<group>"; };
		4972043516F00E6C000577ED /* calendar@2x.png */ = {isa = PBXFileReference; lastKnownFileType = image.png; path = "calendar@2x.png"; sourceTree = "<group>"; };
		4972043616F00E6C000577ED /* calendar@64.png */ = {isa = PBXFileReference; lastKnownFileType = image.png; path = "calendar@64.png"; sourceTree = "<group>"; };
		4972043A16F00FB1000577ED /* app_globe.png */ = {isa = PBXFileReference; lastKnownFileType = image.png; path = app_globe.png; sourceTree = "<group>"; };
		4972043B16F00FB1000577ED /* app_globe@2x.png */ = {isa = PBXFileReference; lastKnownFileType = image.png; path = "app_globe@2x.png"; sourceTree = "<group>"; };
		4972043C16F00FB2000577ED /* app_globe@64.png */ = {isa = PBXFileReference; lastKnownFileType = image.png; path = "app_globe@64.png"; sourceTree = "<group>"; };
		4972044016F01005000577ED /* arrow_up.png */ = {isa = PBXFileReference; lastKnownFileType = image.png; path = arrow_up.png; sourceTree = "<group>"; };
		4972044116F01005000577ED /* arrow_up@2x.png */ = {isa = PBXFileReference; lastKnownFileType = image.png; path = "arrow_up@2x.png"; sourceTree = "<group>"; };
		4972044216F01005000577ED /* arrow_up@64.png */ = {isa = PBXFileReference; lastKnownFileType = image.png; path = "arrow_up@64.png"; sourceTree = "<group>"; };
		4988913016994FE200403EB5 /* VC_Upcoming.m */ = {isa = PBXFileReference; fileEncoding = 4; lastKnownFileType = sourcecode.c.objc; path = VC_Upcoming.m; sourceTree = "<group>"; };
		498E180416E2798600B7170A /* TVC_TeamSelector.m */ = {isa = PBXFileReference; fileEncoding = 4; lastKnownFileType = sourcecode.c.objc; path = TVC_TeamSelector.m; sourceTree = "<group>"; };
		49A7449E169D1B8C00FC0BF9 /* VC_ScheduleGames.h */ = {isa = PBXFileReference; fileEncoding = 4; lastKnownFileType = sourcecode.c.h; path = VC_ScheduleGames.h; sourceTree = "<group>"; };
		49A7449F169D1B8C00FC0BF9 /* VC_ScheduleGames.m */ = {isa = PBXFileReference; fileEncoding = 4; lastKnownFileType = sourcecode.c.objc; path = VC_ScheduleGames.m; sourceTree = "<group>"; };
		49A744A2169D238000FC0BF9 /* MemoryManager.h */ = {isa = PBXFileReference; fileEncoding = 4; lastKnownFileType = sourcecode.c.h; path = MemoryManager.h; sourceTree = "<group>"; };
		49A744A3169D238000FC0BF9 /* MemoryManager.m */ = {isa = PBXFileReference; fileEncoding = 4; lastKnownFileType = sourcecode.c.objc; path = MemoryManager.m; sourceTree = "<group>"; };
		49EC769116990E25006D37FE /* Twin Rinks.app */ = {isa = PBXFileReference; explicitFileType = wrapper.application; includeInIndex = 0; path = "Twin Rinks.app"; sourceTree = BUILT_PRODUCTS_DIR; };
		49EC769516990E25006D37FE /* UIKit.framework */ = {isa = PBXFileReference; lastKnownFileType = wrapper.framework; name = UIKit.framework; path = System/Library/Frameworks/UIKit.framework; sourceTree = SDKROOT; };
		49EC769716990E25006D37FE /* Foundation.framework */ = {isa = PBXFileReference; lastKnownFileType = wrapper.framework; name = Foundation.framework; path = System/Library/Frameworks/Foundation.framework; sourceTree = SDKROOT; };
		49EC769916990E25006D37FE /* CoreGraphics.framework */ = {isa = PBXFileReference; lastKnownFileType = wrapper.framework; name = CoreGraphics.framework; path = System/Library/Frameworks/CoreGraphics.framework; sourceTree = SDKROOT; };
		49EC769D16990E25006D37FE /* Twin Rinks-Info.plist */ = {isa = PBXFileReference; lastKnownFileType = text.plist.xml; path = "Twin Rinks-Info.plist"; sourceTree = "<group>"; };
		49EC769F16990E25006D37FE /* en */ = {isa = PBXFileReference; lastKnownFileType = text.plist.strings; name = en; path = en.lproj/InfoPlist.strings; sourceTree = "<group>"; };
		49EC76A116990E25006D37FE /* main.m */ = {isa = PBXFileReference; lastKnownFileType = sourcecode.c.objc; path = main.m; sourceTree = "<group>"; };
		49EC76A316990E25006D37FE /* Twin Rinks-Prefix.pch */ = {isa = PBXFileReference; lastKnownFileType = sourcecode.c.h; path = "Twin Rinks-Prefix.pch"; sourceTree = "<group>"; };
		49EC76A416990E25006D37FE /* AppDelegate.h */ = {isa = PBXFileReference; lastKnownFileType = sourcecode.c.h; path = AppDelegate.h; sourceTree = "<group>"; };
		49EC76A516990E25006D37FE /* AppDelegate.m */ = {isa = PBXFileReference; lastKnownFileType = sourcecode.c.objc; path = AppDelegate.m; sourceTree = "<group>"; };
		49EC76AE16990E25006D37FE /* en */ = {isa = PBXFileReference; lastKnownFileType = file.storyboard; name = en; path = en.lproj/Views.storyboard; sourceTree = "<group>"; };
		49EC76C4169910C4006D37FE /* VC_WebView.m */ = {isa = PBXFileReference; fileEncoding = 4; lastKnownFileType = sourcecode.c.objc; path = VC_WebView.m; sourceTree = "<group>"; };
		49EE7C6416E310CA000E63C7 /* TVC_ScheduleTeamSelector.m */ = {isa = PBXFileReference; fileEncoding = 4; lastKnownFileType = sourcecode.c.objc; path = TVC_ScheduleTeamSelector.m; sourceTree = "<group>"; };
		49EE7C6716E31B76000E63C7 /* TVC_ScheduleYourTeamSelector.m */ = {isa = PBXFileReference; fileEncoding = 4; lastKnownFileType = sourcecode.c.objc; path = TVC_ScheduleYourTeamSelector.m; sourceTree = "<group>"; };
		49F6993616E3D78100857A53 /* TVC_ScheduleTeamSelector.h */ = {isa = PBXFileReference; lastKnownFileType = sourcecode.c.h; path = TVC_ScheduleTeamSelector.h; sourceTree = "<group>"; };
		49F6993716E3D80D00857A53 /* TVC_ScheduleYourTeamSelector.h */ = {isa = PBXFileReference; lastKnownFileType = sourcecode.c.h; path = TVC_ScheduleYourTeamSelector.h; sourceTree = "<group>"; };
/* End PBXFileReference section */

/* Begin PBXFrameworksBuildPhase section */
		49EC768E16990E25006D37FE /* Frameworks */ = {
			isa = PBXFrameworksBuildPhase;
			buildActionMask = 2147483647;
			files = (
				49EC769616990E25006D37FE /* UIKit.framework in Frameworks */,
				49EC769816990E25006D37FE /* Foundation.framework in Frameworks */,
				49EC769A16990E25006D37FE /* CoreGraphics.framework in Frameworks */,
			);
			runOnlyForDeploymentPostprocessing = 0;
		};
/* End PBXFrameworksBuildPhase section */

/* Begin PBXGroup section */
		49619D6F169BC64000D39E88 /* Images */ = {
			isa = PBXGroup;
			children = (
				4972044016F01005000577ED /* arrow_up.png */,
				4972044116F01005000577ED /* arrow_up@2x.png */,
				4972044216F01005000577ED /* arrow_up@64.png */,
				4972043A16F00FB1000577ED /* app_globe.png */,
				4972043B16F00FB1000577ED /* app_globe@2x.png */,
				4972043C16F00FB2000577ED /* app_globe@64.png */,
				4972043416F00E6C000577ED /* calendar.png */,
				4972043516F00E6C000577ED /* calendar@2x.png */,
				4972043616F00E6C000577ED /* calendar@64.png */,
				4972041F16F00BBC000577ED /* Default.png */,
				4972042016F00BBC000577ED /* Default@2x.png */,
				4972042116F00BBC000577ED /* Icon-72.png */,
				4972042216F00BBC000577ED /* Icon-72@2x.png */,
				4972042316F00BBC000577ED /* Icon.png */,
				4972042416F00BBC000577ED /* Icon@2x.png */,
				49619D5C169BC0E900D39E88 /* gear.png */,
				49619D5D169BC0E900D39E88 /* gear@2x.png */,
				49619D5E169BC0E900D39E88 /* gear@64.png */,
				49619D69169BC61900D39E88 /* reload.png */,
				49619D6A169BC61900D39E88 /* reload@2x.png */,
				49619D6B169BC61900D39E88 /* reload@64.png */,
			);
			name = Images;
			sourceTree = "<group>";
		};
		49EC768616990E25006D37FE = {
			isa = PBXGroup;
			children = (
				49EC769B16990E25006D37FE /* TwinRinksAdultHockey */,
				49EC769416990E25006D37FE /* Frameworks */,
				49EC769216990E25006D37FE /* Products */,
			);
			sourceTree = "<group>";
		};
		49EC769216990E25006D37FE /* Products */ = {
			isa = PBXGroup;
			children = (
				49EC769116990E25006D37FE /* Twin Rinks.app */,
			);
			name = Products;
			sourceTree = "<group>";
		};
		49EC769416990E25006D37FE /* Frameworks */ = {
			isa = PBXGroup;
			children = (
				49EC769516990E25006D37FE /* UIKit.framework */,
				49EC769716990E25006D37FE /* Foundation.framework */,
				49EC769916990E25006D37FE /* CoreGraphics.framework */,
			);
			name = Frameworks;
			sourceTree = "<group>";
		};
		49EC769B16990E25006D37FE /* TwinRinksAdultHockey */ = {
			isa = PBXGroup;
			children = (
				49F6993316E3BC7A00857A53 /* App */,
				49EC769C16990E25006D37FE /* Supporting Files */,
			);
			path = TwinRinksAdultHockey;
			sourceTree = "<group>";
		};
		49EC769C16990E25006D37FE /* Supporting Files */ = {
			isa = PBXGroup;
			children = (
				49619D6F169BC64000D39E88 /* Images */,
				49EC76A416990E25006D37FE /* AppDelegate.h */,
				49EC76A516990E25006D37FE /* AppDelegate.m */,
				49EC769D16990E25006D37FE /* Twin Rinks-Info.plist */,
				49EC769E16990E25006D37FE /* InfoPlist.strings */,
				49EC76A116990E25006D37FE /* main.m */,
				49EC76A316990E25006D37FE /* Twin Rinks-Prefix.pch */,
			);
			name = "Supporting Files";
			sourceTree = "<group>";
		};
		49F6992F16E3BC2B00857A53 /* Controllers */ = {
			isa = PBXGroup;
			children = (
				49F6993516E3C64B00857A53 /* Implementation */,
				49F6993416E3C64600857A53 /* Headers */,
			);
			name = Controllers;
			sourceTree = "<group>";
		};
		49F6993116E3BC3400857A53 /* Models */ = {
			isa = PBXGroup;
			children = (
				49F6993916E3D8D100857A53 /* Headers */,
				49F6993816E3D8B800857A53 /* Implementation */,
			);
			name = Models;
			sourceTree = "<group>";
		};
		49F6993216E3BC3A00857A53 /* Views */ = {
			isa = PBXGroup;
			children = (
				49EC76AD16990E25006D37FE /* Views.storyboard */,
			);
			name = Views;
			sourceTree = "<group>";
		};
		49F6993316E3BC7A00857A53 /* App */ = {
			isa = PBXGroup;
			children = (
				49F6992F16E3BC2B00857A53 /* Controllers */,
				49F6993116E3BC3400857A53 /* Models */,
				49F6993216E3BC3A00857A53 /* Views */,
			);
			name = App;
			sourceTree = "<group>";
		};
		49F6993416E3C64600857A53 /* Headers */ = {
			isa = PBXGroup;
			children = (
				49A7449E169D1B8C00FC0BF9 /* VC_ScheduleGames.h */,
				490D15BA169B9C42002B9622 /* VC_Settings.h */,
				49F6993616E3D78100857A53 /* TVC_ScheduleTeamSelector.h */,
				49F6993716E3D80D00857A53 /* TVC_ScheduleYourTeamSelector.h */,
			);
			name = Headers;
			sourceTree = "<group>";
		};
		49F6993516E3C64B00857A53 /* Implementation */ = {
			isa = PBXGroup;
			children = (
				4988913016994FE200403EB5 /* VC_Upcoming.m */,
				49486603169972E1009EAB60 /* VC_Schedule.m */,
				49A7449F169D1B8C00FC0BF9 /* VC_ScheduleGames.m */,
				49EC76C4169910C4006D37FE /* VC_WebView.m */,
				490D15BB169B9C42002B9622 /* VC_Settings.m */,
				4942CE5416E1DA9B00CDE926 /* TVC_Settings.m */,
				498E180416E2798600B7170A /* TVC_TeamSelector.m */,
				49EE7C6416E310CA000E63C7 /* TVC_ScheduleTeamSelector.m */,
				49EE7C6716E31B76000E63C7 /* TVC_ScheduleYourTeamSelector.m */,
			);
			name = Implementation;
			sourceTree = "<group>";
		};
		49F6993816E3D8B800857A53 /* Implementation */ = {
			isa = PBXGroup;
			children = (
				49029A5F16E00272002485AE /* Team.m */,
				49486601169972E1009EAB60 /* Game.m */,
				49A744A3169D238000FC0BF9 /* MemoryManager.m */,
			);
			name = Implementation;
			sourceTree = "<group>";
		};
		49F6993916E3D8D100857A53 /* Headers */ = {
			isa = PBXGroup;
			children = (
				49A744A2169D238000FC0BF9 /* MemoryManager.h */,
				49486600169972E1009EAB60 /* Game.h */,
				49029A5E16E00272002485AE /* Team.h */,
			);
			name = Headers;
			sourceTree = "<group>";
		};
/* End PBXGroup section */

/* Begin PBXNativeTarget section */
		49EC769016990E25006D37FE /* Twin Rinks */ = {
			isa = PBXNativeTarget;
			buildConfigurationList = 49EC76C016990E25006D37FE /* Build configuration list for PBXNativeTarget "Twin Rinks" */;
			buildPhases = (
				49EC768D16990E25006D37FE /* Sources */,
				49EC768E16990E25006D37FE /* Frameworks */,
				49EC768F16990E25006D37FE /* Resources */,
			);
			buildRules = (
			);
			dependencies = (
			);
			name = "Twin Rinks";
			productName = TwinRinksAdultHockey;
			productReference = 49EC769116990E25006D37FE /* Twin Rinks.app */;
			productType = "com.apple.product-type.application";
		};
/* End PBXNativeTarget section */

/* Begin PBXProject section */
		49EC768816990E25006D37FE /* Project object */ = {
			isa = PBXProject;
			attributes = {
				LastUpgradeCheck = 0450;
				ORGANIZATIONNAME = GigaStorm;
			};
			buildConfigurationList = 49EC768B16990E25006D37FE /* Build configuration list for PBXProject "Twin Rinks" */;
			compatibilityVersion = "Xcode 3.2";
			developmentRegion = English;
			hasScannedForEncodings = 0;
			knownRegions = (
				en,
			);
			mainGroup = 49EC768616990E25006D37FE;
			productRefGroup = 49EC769216990E25006D37FE /* Products */;
			projectDirPath = "";
			projectRoot = "";
			targets = (
				49EC769016990E25006D37FE /* Twin Rinks */,
			);
		};
/* End PBXProject section */

/* Begin PBXResourcesBuildPhase section */
		49EC768F16990E25006D37FE /* Resources */ = {
			isa = PBXResourcesBuildPhase;
			buildActionMask = 2147483647;
			files = (
				49EC76A016990E25006D37FE /* InfoPlist.strings in Resources */,
				49EC76AF16990E25006D37FE /* Views.storyboard in Resources */,
				49619D5F169BC0E900D39E88 /* gear.png in Resources */,
				49619D60169BC0E900D39E88 /* gear@2x.png in Resources */,
				49619D61169BC0E900D39E88 /* gear@64.png in Resources */,
				49619D6C169BC61900D39E88 /* reload.png in Resources */,
				49619D6D169BC61900D39E88 /* reload@2x.png in Resources */,
				49619D6E169BC61900D39E88 /* reload@64.png in Resources */,
				4972042A16F00BBC000577ED /* Default.png in Resources */,
				4972042B16F00BBC000577ED /* Default@2x.png in Resources */,
				4972042C16F00BBC000577ED /* Icon-72.png in Resources */,
				4972042D16F00BBC000577ED /* Icon-72@2x.png in Resources */,
				4972042E16F00BBC000577ED /* Icon.png in Resources */,
				4972042F16F00BBC000577ED /* Icon@2x.png in Resources */,
				4972043716F00F75000577ED /* calendar.png in Resources */,
				4972043816F00F77000577ED /* calendar@2x.png in Resources */,
				4972043916F00F7A000577ED /* calendar@64.png in Resources */,
				4972043D16F00FB2000577ED /* app_globe.png in Resources */,
				4972043E16F00FB2000577ED /* app_globe@2x.png in Resources */,
				4972043F16F00FB2000577ED /* app_globe@64.png in Resources */,
				4972044316F01005000577ED /* arrow_up.png in Resources */,
				4972044416F01005000577ED /* arrow_up@2x.png in Resources */,
				4972044516F01005000577ED /* arrow_up@64.png in Resources */,
			);
			runOnlyForDeploymentPostprocessing = 0;
		};
/* End PBXResourcesBuildPhase section */

/* Begin PBXSourcesBuildPhase section */
		49EC768D16990E25006D37FE /* Sources */ = {
			isa = PBXSourcesBuildPhase;
			buildActionMask = 2147483647;
			files = (
				49EC76A216990E25006D37FE /* main.m in Sources */,
				49EC76A616990E25006D37FE /* AppDelegate.m in Sources */,
				49EC76C5169910C4006D37FE /* VC_WebView.m in Sources */,
				4988913116994FE200403EB5 /* VC_Upcoming.m in Sources */,
				49486604169972E1009EAB60 /* Game.m in Sources */,
				49486605169972E1009EAB60 /* VC_Schedule.m in Sources */,
				490D15BC169B9C42002B9622 /* VC_Settings.m in Sources */,
				49A744A0169D1B8C00FC0BF9 /* VC_ScheduleGames.m in Sources */,
				49A744A4169D238000FC0BF9 /* MemoryManager.m in Sources */,
				49029A6016E00272002485AE /* Team.m in Sources */,
				4942CE5516E1DA9B00CDE926 /* TVC_Settings.m in Sources */,
				498E180516E2798600B7170A /* TVC_TeamSelector.m in Sources */,
				49EE7C6516E310CA000E63C7 /* TVC_ScheduleTeamSelector.m in Sources */,
				49EE7C6816E31B76000E63C7 /* TVC_ScheduleYourTeamSelector.m in Sources */,
			);
			runOnlyForDeploymentPostprocessing = 0;
		};
/* End PBXSourcesBuildPhase section */

/* Begin PBXVariantGroup section */
		49EC769E16990E25006D37FE /* InfoPlist.strings */ = {
			isa = PBXVariantGroup;
			children = (
				49EC769F16990E25006D37FE /* en */,
			);
			name = InfoPlist.strings;
			sourceTree = "<group>";
		};
		49EC76AD16990E25006D37FE /* Views.storyboard */ = {
			isa = PBXVariantGroup;
			children = (
				49EC76AE16990E25006D37FE /* en */,
			);
			name = Views.storyboard;
			sourceTree = "<group>";
		};
/* End PBXVariantGroup section */

/* Begin XCBuildConfiguration section */
		49EC76BE16990E25006D37FE /* Debug */ = {
			isa = XCBuildConfiguration;
			buildSettings = {
				ALWAYS_SEARCH_USER_PATHS = NO;
				CLANG_CXX_LANGUAGE_STANDARD = "gnu++0x";
				CLANG_CXX_LIBRARY = "libc++";
				CLANG_ENABLE_OBJC_ARC = YES;
				CLANG_WARN_EMPTY_BODY = YES;
				CLANG_WARN__DUPLICATE_METHOD_MATCH = YES;
				"CODE_SIGN_IDENTITY[sdk=iphoneos*]" = "iPhone Developer";
				COPY_PHASE_STRIP = NO;
				GCC_C_LANGUAGE_STANDARD = gnu99;
				GCC_DYNAMIC_NO_PIC = NO;
				GCC_OPTIMIZATION_LEVEL = 0;
				GCC_PREPROCESSOR_DEFINITIONS = (
					"DEBUG=1",
					"$(inherited)",
				);
				GCC_SYMBOLS_PRIVATE_EXTERN = NO;
				GCC_WARN_ABOUT_RETURN_TYPE = YES;
				GCC_WARN_UNINITIALIZED_AUTOS = YES;
				GCC_WARN_UNUSED_VARIABLE = YES;
				IPHONEOS_DEPLOYMENT_TARGET = 6.0;
				ONLY_ACTIVE_ARCH = YES;
				SDKROOT = iphoneos;
			};
			name = Debug;
		};
		49EC76BF16990E25006D37FE /* Release */ = {
			isa = XCBuildConfiguration;
			buildSettings = {
				ALWAYS_SEARCH_USER_PATHS = NO;
				CLANG_CXX_LANGUAGE_STANDARD = "gnu++0x";
				CLANG_CXX_LIBRARY = "libc++";
				CLANG_ENABLE_OBJC_ARC = YES;
				CLANG_WARN_EMPTY_BODY = YES;
				CLANG_WARN__DUPLICATE_METHOD_MATCH = YES;
				"CODE_SIGN_IDENTITY[sdk=iphoneos*]" = "iPhone Developer";
				COPY_PHASE_STRIP = YES;
				GCC_C_LANGUAGE_STANDARD = gnu99;
				GCC_WARN_ABOUT_RETURN_TYPE = YES;
				GCC_WARN_UNINITIALIZED_AUTOS = YES;
				GCC_WARN_UNUSED_VARIABLE = YES;
				IPHONEOS_DEPLOYMENT_TARGET = 6.0;
				OTHER_CFLAGS = "-DNS_BLOCK_ASSERTIONS=1";
				SDKROOT = iphoneos;
				VALIDATE_PRODUCT = YES;
			};
			name = Release;
		};
		49EC76C116990E25006D37FE /* Debug */ = {
			isa = XCBuildConfiguration;
			buildSettings = {
				GCC_PRECOMPILE_PREFIX_HEADER = YES;
				GCC_PREFIX_HEADER = "TwinRinksAdultHockey/Twin Rinks-Prefix.pch";
				INFOPLIST_FILE = "TwinRinksAdultHockey/Twin Rinks-Info.plist";
				IPHONEOS_DEPLOYMENT_TARGET = 6.1;
				PRODUCT_NAME = "Twin Rinks";
				WRAPPER_EXTENSION = app;
			};
			name = Debug;
		};
		49EC76C216990E25006D37FE /* Release */ = {
			isa = XCBuildConfiguration;
			buildSettings = {
				GCC_PRECOMPILE_PREFIX_HEADER = YES;
				GCC_PREFIX_HEADER = "TwinRinksAdultHockey/Twin Rinks-Prefix.pch";
				INFOPLIST_FILE = "TwinRinksAdultHockey/Twin Rinks-Info.plist";
				IPHONEOS_DEPLOYMENT_TARGET = 6.1;
				PRODUCT_NAME = "Twin Rinks";
				WRAPPER_EXTENSION = app;
			};
			name = Release;
		};
/* End XCBuildConfiguration section */

/* Begin XCConfigurationList section */
		49EC768B16990E25006D37FE /* Build configuration list for PBXProject "Twin Rinks" */ = {
			isa = XCConfigurationList;
			buildConfigurations = (
				49EC76BE16990E25006D37FE /* Debug */,
				49EC76BF16990E25006D37FE /* Release */,
			);
			defaultConfigurationIsVisible = 0;
			defaultConfigurationName = Release;
		};
		49EC76C016990E25006D37FE /* Build configuration list for PBXNativeTarget "Twin Rinks" */ = {
			isa = XCConfigurationList;
			buildConfigurations = (
				49EC76C116990E25006D37FE /* Debug */,
				49EC76C216990E25006D37FE /* Release */,
			);
			defaultConfigurationIsVisible = 0;
			defaultConfigurationName = Release;
		};
/* End XCConfigurationList section */
	};
	rootObject = 49EC768816990E25006D37FE /* Project object */;
}
